
Microsoft Visual Studio Solution File, Format Version 12.00
# Visual Studio 14
VisualStudioVersion = 14.0.24720.0
MinimumVisualStudioVersion = 10.0.40219.1
Project("{FAE04EC0-301F-11D3-BF4B-00C04F79EFBC}") = "Requests", "Requests\Requests.csproj", "{BC1754FC-FF2E-4716-BA2B-5D0C256C19C9}"
EndProject
Project("{2150E333-8FDC-42A3-9474-1A3956D46DE8}") = "Dependencies", "Dependencies", "{EF9C8742-7949-4CDF-B143-321F05D32661}"
EndProject
Project("{FAE04EC0-301F-11D3-BF4B-00C04F79EFBC}") = "Python", "Python\Python.csproj", "{6BB3ADB3-8DF5-4C42-9124-0D2B469D7A0C}"
EndProject
Global
	GlobalSection(SolutionConfigurationPlatforms) = preSolution
		Debug|Any CPU = Debug|Any CPU
		Release|Any CPU = Release|Any CPU
	EndGlobalSection
	GlobalSection(ProjectConfigurationPlatforms) = postSolution
		{BC1754FC-FF2E-4716-BA2B-5D0C256C19C9}.Debug|Any CPU.ActiveCfg = Debug|Any CPU
		{BC1754FC-FF2E-4716-BA2B-5D0C256C19C9}.Debug|Any CPU.Build.0 = Debug|Any CPU
		{BC1754FC-FF2E-4716-BA2B-5D0C256C19C9}.Release|Any CPU.ActiveCfg = Release|Any CPU
		{BC1754FC-FF2E-4716-BA2B-5D0C256C19C9}.Release|Any CPU.Build.0 = Release|Any CPU
		{6BB3ADB3-8DF5-4C42-9124-0D2B469D7A0C}.Debug|Any CPU.ActiveCfg = Debug|Any CPU
		{6BB3ADB3-8DF5-4C42-9124-0D2B469D7A0C}.Debug|Any CPU.Build.0 = Debug|Any CPU
		{6BB3ADB3-8DF5-4C42-9124-0D2B469D7A0C}.Release|Any CPU.ActiveCfg = Release|Any CPU
		{6BB3ADB3-8DF5-4C42-9124-0D2B469D7A0C}.Release|Any CPU.Build.0 = Release|Any CPU
	EndGlobalSection
	GlobalSection(SolutionProperties) = preSolution
		HideSolutionNode = FALSE
	EndGlobalSection
	GlobalSection(NestedProjects) = preSolution
		{6BB3ADB3-8DF5-4C42-9124-0D2B469D7A0C} = {EF9C8742-7949-4CDF-B143-321F05D32661}
	EndGlobalSection
EndGlobal
